
Microsoft Visual Studio Solution File, Format Version 12.00
# Visual Studio Version 17
VisualStudioVersion = 17.8.34309.116
MinimumVisualStudioVersion = 10.0.40219.1
Project("{9A19103F-16F7-4668-BE54-9A1E7A4F7556}") = "TestBlazor.ServerAPI", "TestBlazor.ServerAPI\TestBlazor.ServerAPI.csproj", "{C6B6ADB7-1A06-4893-B894-0C03993DF503}"
EndProject
Project("{FAE04EC0-301F-11D3-BF4B-00C04F79EFBC}") = "TestBlazor.SharedLibrary", "TestBlazor.SharedLibrary\TestBlazor.SharedLibrary.csproj", "{D1D02F61-24DA-448F-A455-B835E43EBBFE}"
EndProject
Project("{FAE04EC0-301F-11D3-BF4B-00C04F79EFBC}") = "TestBlazor.Client", "TestBlazor.Client\TestBlazor.Client.csproj", "{D8D36B87-7DDC-4E0E-837C-E6D176D9AEF9}"
EndProject
Global
	GlobalSection(SolutionConfigurationPlatforms) = preSolution
		Debug|Any CPU = Debug|Any CPU
		Release|Any CPU = Release|Any CPU
	EndGlobalSection
	GlobalSection(ProjectConfigurationPlatforms) = postSolution
		{C6B6ADB7-1A06-4893-B894-0C03993DF503}.Debug|Any CPU.ActiveCfg = Debug|Any CPU
		{C6B6ADB7-1A06-4893-B894-0C03993DF503}.Debug|Any CPU.Build.0 = Debug|Any CPU
		{C6B6ADB7-1A06-4893-B894-0C03993DF503}.Release|Any CPU.ActiveCfg = Release|Any CPU
		{C6B6ADB7-1A06-4893-B894-0C03993DF503}.Release|Any CPU.Build.0 = Release|Any CPU
		{D1D02F61-24DA-448F-A455-B835E43EBBFE}.Debug|Any CPU.ActiveCfg = Debug|Any CPU
		{D1D02F61-24DA-448F-A455-B835E43EBBFE}.Debug|Any CPU.Build.0 = Debug|Any CPU
		{D1D02F61-24DA-448F-A455-B835E43EBBFE}.Release|Any CPU.ActiveCfg = Release|Any CPU
		{D1D02F61-24DA-448F-A455-B835E43EBBFE}.Release|Any CPU.Build.0 = Release|Any CPU
		{D8D36B87-7DDC-4E0E-837C-E6D176D9AEF9}.Debug|Any CPU.ActiveCfg = Debug|Any CPU
		{D8D36B87-7DDC-4E0E-837C-E6D176D9AEF9}.Debug|Any CPU.Build.0 = Debug|Any CPU
		{D8D36B87-7DDC-4E0E-837C-E6D176D9AEF9}.Release|Any CPU.ActiveCfg = Release|Any CPU
		{D8D36B87-7DDC-4E0E-837C-E6D176D9AEF9}.Release|Any CPU.Build.0 = Release|Any CPU
	EndGlobalSection
	GlobalSection(SolutionProperties) = preSolution
		HideSolutionNode = FALSE
	EndGlobalSection
	GlobalSection(ExtensibilityGlobals) = postSolution
		SolutionGuid = {E8FDE2D3-9C88-458D-82F3-015C34C3167B}
	EndGlobalSection
EndGlobal
